// !$*UTF8*$!
{
	archiveVersion = 1;
	classes = {
	};
	objectVersion = 77;
	objects = {

/* Begin PBXContainerItemProxy section */
		2FDAC5612DB56DE300587851 /* PBXContainerItemProxy */ = {
			isa = PBXContainerItemProxy;
			containerPortal = 2FDAC5422DB56DE000587851 /* Project object */;
			proxyType = 1;
			remoteGlobalIDString = 2FDAC5492DB56DE000587851;
			remoteInfo = "IBAnimitable-UIKIT";
		};
		2FDAC56B2DB56DE300587851 /* PBXContainerItemProxy */ = {
			isa = PBXContainerItemProxy;
			containerPortal = 2FDAC5422DB56DE000587851 /* Project object */;
			proxyType = 1;
			remoteGlobalIDString = 2FDAC5492DB56DE000587851;
			remoteInfo = "IBAnimitable-UIKIT";
		};
/* End PBXContainerItemProxy section */

/* Begin PBXFileReference section */
		2FDAC54A2DB56DE000587851 /* IBAnimitable-UIKIT.app */ = {isa = PBXFileReference; explicitFileType = wrapper.application; includeInIndex = 0; path = "IBAnimitable-UIKIT.app"; sourceTree = BUILT_PRODUCTS_DIR; };
		2FDAC5602DB56DE300587851 /* IBAnimitable-UIKITTests.xctest */ = {isa = PBXFileReference; explicitFileType = wrapper.cfbundle; includeInIndex = 0; path = "IBAnimitable-UIKITTests.xctest"; sourceTree = BUILT_PRODUCTS_DIR; };
		2FDAC56A2DB56DE300587851 /* IBAnimitable-UIKITUITests.xctest */ = {isa = PBXFileReference; explicitFileType = wrapper.cfbundle; includeInIndex = 0; path = "IBAnimitable-UIKITUITests.xctest"; sourceTree = BUILT_PRODUCTS_DIR; };
/* End PBXFileReference section */

/* Begin PBXFileSystemSynchronizedBuildFileExceptionSet section */
		2FDAC5722DB56DE300587851 /* Exceptions for "IBAnimitable-UIKIT" folder in "IBAnimitable-UIKIT" target */ = {
			isa = PBXFileSystemSynchronizedBuildFileExceptionSet;
			membershipExceptions = (
				Info.plist,
			);
			target = 2FDAC5492DB56DE000587851 /* IBAnimitable-UIKIT */;
		};
/* End PBXFileSystemSynchronizedBuildFileExceptionSet section */

/* Begin PBXFileSystemSynchronizedRootGroup section */
		2FDAC54C2DB56DE000587851 /* IBAnimitable-UIKIT */ = {
			isa = PBXFileSystemSynchronizedRootGroup;
			exceptions = (
				2FDAC5722DB56DE300587851 /* Exceptions for "IBAnimitable-UIKIT" folder in "IBAnimitable-UIKIT" target */,
			);
			path = "IBAnimitable-UIKIT";
			sourceTree = "<group>";
		};
		2FDAC5632DB56DE300587851 /* IBAnimitable-UIKITTests */ = {
			isa = PBXFileSystemSynchronizedRootGroup;
			path = "IBAnimitable-UIKITTests";
			sourceTree = "<group>";
		};
		2FDAC56D2DB56DE300587851 /* IBAnimitable-UIKITUITests */ = {
			isa = PBXFileSystemSynchronizedRootGroup;
			path = "IBAnimitable-UIKITUITests";
			sourceTree = "<group>";
		};
/* End PBXFileSystemSynchronizedRootGroup section */

/* Begin PBXFrameworksBuildPhase section */
		2FDAC5472DB56DE000587851 /* Frameworks */ = {
			isa = PBXFrameworksBuildPhase;
			buildActionMask = 2147483647;
			files = (
			);
			runOnlyForDeploymentPostprocessing = 0;
		};
		2FDAC55D2DB56DE300587851 /* Frameworks */ = {
			isa = PBXFrameworksBuildPhase;
			buildActionMask = 2147483647;
			files = (
			);
			runOnlyForDeploymentPostprocessing = 0;
		};
		2FDAC5672DB56DE300587851 /* Frameworks */ = {
			isa = PBXFrameworksBuildPhase;
			buildActionMask = 2147483647;
			files = (
			);
			runOnlyForDeploymentPostprocessing = 0;
		};
/* End PBXFrameworksBuildPhase section */

/* Begin PBXGroup section */
		2FDAC5412DB56DE000587851 = {
			isa = PBXGroup;
			children = (
				2FDAC54C2DB56DE000587851 /* IBAnimitable-UIKIT */,
				2FDAC5632DB56DE300587851 /* IBAnimitable-UIKITTests */,
				2FDAC56D2DB56DE300587851 /* IBAnimitable-UIKITUITests */,
				2FDAC54B2DB56DE000587851 /* Products */,
			);
			sourceTree = "<group>";
		};
		2FDAC54B2DB56DE000587851 /* Products */ = {
			isa = PBXGroup;
			children = (
				2FDAC54A2DB56DE000587851 /* IBAnimitable-UIKIT.app */,
				2FDAC5602DB56DE300587851 /* IBAnimitable-UIKITTests.xctest */,
				2FDAC56A2DB56DE300587851 /* IBAnimitable-UIKITUITests.xctest */,
			);
			name = Products;
			sourceTree = "<group>";
		};
/* End PBXGroup section */

/* Begin PBXNativeTarget section */
		2FDAC5492DB56DE000587851 /* IBAnimitable-UIKIT */ = {
			isa = PBXNativeTarget;
			buildConfigurationList = 2FDAC5732DB56DE300587851 /* Build configuration list for PBXNativeTarget "IBAnimitable-UIKIT" */;
			buildPhases = (
				2FDAC5462DB56DE000587851 /* Sources */,
				2FDAC5472DB56DE000587851 /* Frameworks */,
				2FDAC5482DB56DE000587851 /* Resources */,
			);
			buildRules = (
			);
			dependencies = (
			);
			fileSystemSynchronizedGroups = (
				2FDAC54C2DB56DE000587851 /* IBAnimitable-UIKIT */,
			);
			name = "IBAnimitable-UIKIT";
			packageProductDependencies = (
			);
			productName = "IBAnimitable-UIKIT";
			productReference = 2FDAC54A2DB56DE000587851 /* IBAnimitable-UIKIT.app */;
			productType = "com.apple.product-type.application";
		};
		2FDAC55F2DB56DE300587851 /* IBAnimitable-UIKITTests */ = {
			isa = PBXNativeTarget;
			buildConfigurationList = 2FDAC5782DB56DE300587851 /* Build configuration list for PBXNativeTarget "IBAnimitable-UIKITTests" */;
			buildPhases = (
				2FDAC55C2DB56DE300587851 /* Sources */,
				2FDAC55D2DB56DE300587851 /* Frameworks */,
				2FDAC55E2DB56DE300587851 /* Resources */,
			);
			buildRules = (
			);
			dependencies = (
				2FDAC5622DB56DE300587851 /* PBXTargetDependency */,
			);
			fileSystemSynchronizedGroups = (
				2FDAC5632DB56DE300587851 /* IBAnimitable-UIKITTests */,
			);
			name = "IBAnimitable-UIKITTests";
			packageProductDependencies = (
			);
			productName = "IBAnimitable-UIKITTests";
			productReference = 2FDAC5602DB56DE300587851 /* IBAnimitable-UIKITTests.xctest */;
			productType = "com.apple.product-type.bundle.unit-test";
		};
		2FDAC5692DB56DE300587851 /* IBAnimitable-UIKITUITests */ = {
			isa = PBXNativeTarget;
			buildConfigurationList = 2FDAC57B2DB56DE300587851 /* Build configuration list for PBXNativeTarget "IBAnimitable-UIKITUITests" */;
			buildPhases = (
				2FDAC5662DB56DE300587851 /* Sources */,
				2FDAC5672DB56DE300587851 /* Frameworks */,
				2FDAC5682DB56DE300587851 /* Resources */,
			);
			buildRules = (
			);
			dependencies = (
				2FDAC56C2DB56DE300587851 /* PBXTargetDependency */,
			);
			fileSystemSynchronizedGroups = (
				2FDAC56D2DB56DE300587851 /* IBAnimitable-UIKITUITests */,
			);
			name = "IBAnimitable-UIKITUITests";
			packageProductDependencies = (
			);
			productName = "IBAnimitable-UIKITUITests";
			productReference = 2FDAC56A2DB56DE300587851 /* IBAnimitable-UIKITUITests.xctest */;
			productType = "com.apple.product-type.bundle.ui-testing";
		};
/* End PBXNativeTarget section */

/* Begin PBXProject section */
		2FDAC5422DB56DE000587851 /* Project object */ = {
			isa = PBXProject;
			attributes = {
				BuildIndependentTargetsInParallel = 1;
				LastSwiftUpdateCheck = 1620;
				LastUpgradeCheck = 1620;
				TargetAttributes = {
					2FDAC5492DB56DE000587851 = {
						CreatedOnToolsVersion = 16.2;
					};
					2FDAC55F2DB56DE300587851 = {
						CreatedOnToolsVersion = 16.2;
						TestTargetID = 2FDAC5492DB56DE000587851;
					};
					2FDAC5692DB56DE300587851 = {
						CreatedOnToolsVersion = 16.2;
						TestTargetID = 2FDAC5492DB56DE000587851;
					};
				};
			};
			buildConfigurationList = 2FDAC5452DB56DE000587851 /* Build configuration list for PBXProject "IBAnimitable-UIKIT" */;
			developmentRegion = en;
			hasScannedForEncodings = 0;
			knownRegions = (
				en,
				Base,
			);
			mainGroup = 2FDAC5412DB56DE000587851;
			minimizedProjectReferenceProxies = 1;
			preferredProjectObjectVersion = 77;
			productRefGroup = 2FDAC54B2DB56DE000587851 /* Products */;
			projectDirPath = "";
			projectRoot = "";
			targets = (
				2FDAC5492DB56DE000587851 /* IBAnimitable-UIKIT */,
				2FDAC55F2DB56DE300587851 /* IBAnimitable-UIKITTests */,
				2FDAC5692DB56DE300587851 /* IBAnimitable-UIKITUITests */,
			);
		};
/* End PBXProject section */

/* Begin PBXResourcesBuildPhase section */
		2FDAC5482DB56DE000587851 /* Resources */ = {
			isa = PBXResourcesBuildPhase;
			buildActionMask = 2147483647;
			files = (
			);
			runOnlyForDeploymentPostprocessing = 0;
		};
		2FDAC55E2DB56DE300587851 /* Resources */ = {
			isa = PBXResourcesBuildPhase;
			buildActionMask = 2147483647;
			files = (
			);
			runOnlyForDeploymentPostprocessing = 0;
		};
		2FDAC5682DB56DE300587851 /* Resources */ = {
			isa = PBXResourcesBuildPhase;
			buildActionMask = 2147483647;
			files = (
			);
			runOnlyForDeploymentPostprocessing = 0;
		};
/* End PBXResourcesBuildPhase section */

/* Begin PBXSourcesBuildPhase section */
		2FDAC5462DB56DE000587851 /* Sources */ = {
			isa = PBXSourcesBuildPhase;
			buildActionMask = 2147483647;
			files = (
			);
			runOnlyForDeploymentPostprocessing = 0;
		};
		2FDAC55C2DB56DE300587851 /* Sources */ = {
			isa = PBXSourcesBuildPhase;
			buildActionMask = 2147483647;
			files = (
			);
			runOnlyForDeploymentPostprocessing = 0;
		};
		2FDAC5662DB56DE300587851 /* Sources */ = {
			isa = PBXSourcesBuildPhase;
			buildActionMask = 2147483647;
			files = (
			);
			runOnlyForDeploymentPostprocessing = 0;
		};
/* End PBXSourcesBuildPhase section */

/* Begin PBXTargetDependency section */
		2FDAC5622DB56DE300587851 /* PBXTargetDependency */ = {
			isa = PBXTargetDependency;
			target = 2FDAC5492DB56DE000587851 /* IBAnimitable-UIKIT */;
			targetProxy = 2FDAC5612DB56DE300587851 /* PBXContainerItemProxy */;
		};
		2FDAC56C2DB56DE300587851 /* PBXTargetDependency */ = {
			isa = PBXTargetDependency;
			target = 2FDAC5492DB56DE000587851 /* IBAnimitable-UIKIT */;
			targetProxy = 2FDAC56B2DB56DE300587851 /* PBXContainerItemProxy */;
		};
/* End PBXTargetDependency section */

/* Begin XCBuildConfiguration section */
		2FDAC5742DB56DE300587851 /* Debug */ = {
			isa = XCBuildConfiguration;
			buildSettings = {
				ASSETCATALOG_COMPILER_APPICON_NAME = AppIcon;
				ASSETCATALOG_COMPILER_GLOBAL_ACCENT_COLOR_NAME = AccentColor;
				CODE_SIGN_STYLE = Automatic;
				CURRENT_PROJECT_VERSION = 1;
				GENERATE_INFOPLIST_FILE = YES;
				INFOPLIST_FILE = "IBAnimitable-UIKIT/Info.plist";
				INFOPLIST_KEY_UIApplicationSupportsIndirectInputEvents = YES;
				INFOPLIST_KEY_UILaunchStoryboardName = LaunchScreen;
				INFOPLIST_KEY_UIMainStoryboardFile = Main;
				INFOPLIST_KEY_UISupportedInterfaceOrientations_iPad = "UIInterfaceOrientationPortrait UIInterfaceOrientationPortraitUpsideDown UIInterfaceOrientationLandscapeLeft UIInterfaceOrientationLandscapeRight";
				INFOPLIST_KEY_UISupportedInterfaceOrientations_iPhone = "UIInterfaceOrientationPortrait UIInterfaceOrientationLandscapeLeft UIInterfaceOrientationLandscapeRight";
				LD_RUNPATH_SEARCH_PATHS = (
					"$(inherited)",
					"@executable_path/Frameworks",
				);
				MARKETING_VERSION = 1.0;
				PRODUCT_BUNDLE_IDENTIFIER = "nimishmothghare.IBAnimitable-UIKIT";
				PRODUCT_NAME = "$(TARGET_NAME)";
				SWIFT_EMIT_LOC_STRINGS = YES;
				SWIFT_VERSION = 5.0;
				TARGETED_DEVICE_FAMILY = "1,2";
			};
			name = Debug;
		};
		2FDAC5752DB56DE300587851 /* Release */ = {
			isa = XCBuildConfiguration;
			buildSettings = {
				ASSETCATALOG_COMPILER_APPICON_NAME = AppIcon;
				ASSETCATALOG_COMPILER_GLOBAL_ACCENT_COLOR_NAME = AccentColor;
				CODE_SIGN_STYLE = Automatic;
				CURRENT_PROJECT_VERSION = 1;
				GENERATE_INFOPLIST_FILE = YES;
				INFOPLIST_FILE = "IBAnimitable-UIKIT/Info.plist";
				INFOPLIST_KEY_UIApplicationSupportsIndirectInputEvents = YES;
				INFOPLIST_KEY_UILaunchStoryboardName = LaunchScreen;
				INFOPLIST_KEY_UIMainStoryboardFile = Main;
				INFOPLIST_KEY_UISupportedInterfaceOrientations_iPad = "UIInterfaceOrientationPortrait UIInterfaceOrientationPortraitUpsideDown UIInterfaceOrientationLandscapeLeft UIInterfaceOrientationLandscapeRight";
				INFOPLIST_KEY_UISupportedInterfaceOrientations_iPhone = "UIInterfaceOrientationPortrait UIInterfaceOrientationLandscapeLeft UIInterfaceOrientationLandscapeRight";
				LD_RUNPATH_SEARCH_PATHS = (
					"$(inherited)",
					"@executable_path/Frameworks",
				);
				MARKETING_VERSION = 1.0;
				PRODUCT_BUNDLE_IDENTIFIER = "nimishmothghare.IBAnimitable-UIKIT";
				PRODUCT_NAME = "$(TARGET_NAME)";
				SWIFT_EMIT_LOC_STRINGS = YES;
				SWIFT_VERSION = 5.0;
				TARGETED_DEVICE_FAMILY = "1,2";
			};
			name = Release;
		};
		2FDAC5762DB56DE300587851 /* Debug */ = {
			isa = XCBuildConfiguration;
			buildSettings = {
				ALWAYS_SEARCH_USER_PATHS = NO;
				ASSETCATALOG_COMPILER_GENERATE_SWIFT_ASSET_SYMBOL_EXTENSIONS = YES;
				CLANG_ANALYZER_NONNULL = YES;
				CLANG_ANALYZER_NUMBER_OBJECT_CONVERSION = YES_AGGRESSIVE;
				CLANG_CXX_LANGUAGE_STANDARD = "gnu++20";
				CLANG_ENABLE_MODULES = YES;
				CLANG_ENABLE_OBJC_ARC = YES;
				CLANG_ENABLE_OBJC_WEAK = YES;
				CLANG_WARN_BLOCK_CAPTURE_AUTORELEASING = YES;
				CLANG_WARN_BOOL_CONVERSION = YES;
				CLANG_WARN_COMMA = YES;
				CLANG_WARN_CONSTANT_CONVERSION = YES;
				CLANG_WARN_DEPRECATED_OBJC_IMPLEMENTATIONS = YES;
				CLANG_WARN_DIRECT_OBJC_ISA_USAGE = YES_ERROR;
				CLANG_WARN_DOCUMENTATION_COMMENTS = YES;
				CLANG_WARN_EMPTY_BODY = YES;
				CLANG_WARN_ENUM_CONVERSION = YES;
				CLANG_WARN_INFINITE_RECURSION = YES;
				CLANG_WARN_INT_CONVERSION = YES;
				CLANG_WARN_NON_LITERAL_NULL_CONVERSION = YES;
				CLANG_WARN_OBJC_IMPLICIT_RETAIN_SELF = YES;
				CLANG_WARN_OBJC_LITERAL_CONVERSION = YES;
				CLANG_WARN_OBJC_ROOT_CLASS = YES_ERROR;
				CLANG_WARN_QUOTED_INCLUDE_IN_FRAMEWORK_HEADER = YES;
				CLANG_WARN_RANGE_LOOP_ANALYSIS = YES;
				CLANG_WARN_STRICT_PROTOTYPES = YES;
				CLANG_WARN_SUSPICIOUS_MOVE = YES;
				CLANG_WARN_UNGUARDED_AVAILABILITY = YES_AGGRESSIVE;
				CLANG_WARN_UNREACHABLE_CODE = YES;
				CLANG_WARN__DUPLICATE_METHOD_MATCH = YES;
				COPY_PHASE_STRIP = NO;
				DEBUG_INFORMATION_FORMAT = dwarf;
				ENABLE_STRICT_OBJC_MSGSEND = YES;
				ENABLE_TESTABILITY = YES;
				ENABLE_USER_SCRIPT_SANDBOXING = YES;
				GCC_C_LANGUAGE_STANDARD = gnu17;
				GCC_DYNAMIC_NO_PIC = NO;
				GCC_NO_COMMON_BLOCKS = YES;
				GCC_OPTIMIZATION_LEVEL = 0;
				GCC_PREPROCESSOR_DEFINITIONS = (
					"DEBUG=1",
					"$(inherited)",
				);
				GCC_WARN_64_TO_32_BIT_CONVERSION = YES;
				GCC_WARN_ABOUT_RETURN_TYPE = YES_ERROR;
				GCC_WARN_UNDECLARED_SELECTOR = YES;
				GCC_WARN_UNINITIALIZED_AUTOS = YES_AGGRESSIVE;
				GCC_WARN_UNUSED_FUNCTION = YES;
				GCC_WARN_UNUSED_VARIABLE = YES;
				IPHONEOS_DEPLOYMENT_TARGET = 18.2;
				LOCALIZATION_PREFERS_STRING_CATALOGS = YES;
				MTL_ENABLE_DEBUG_INFO = INCLUDE_SOURCE;
				MTL_FAST_MATH = YES;
				ONLY_ACTIVE_ARCH = YES;
				SDKROOT = iphoneos;
				SWIFT_ACTIVE_COMPILATION_CONDITIONS = "DEBUG $(inherited)";
				SWIFT_OPTIMIZATION_LEVEL = "-Onone";
			};
			name = Debug;
		};
		2FDAC5772DB56DE300587851 /* Release */ = {
			isa = XCBuildConfiguration;
			buildSettings = {
				ALWAYS_SEARCH_USER_PATHS = NO;
				ASSETCATALOG_COMPILER_GENERATE_SWIFT_ASSET_SYMBOL_EXTENSIONS = YES;
				CLANG_ANALYZER_NONNULL = YES;
				CLANG_ANALYZER_NUMBER_OBJECT_CONVERSION = YES_AGGRESSIVE;
				CLANG_CXX_LANGUAGE_STANDARD = "gnu++20";
				CLANG_ENABLE_MODULES = YES;
				CLANG_ENABLE_OBJC_ARC = YES;
				CLANG_ENABLE_OBJC_WEAK = YES;
				CLANG_WARN_BLOCK_CAPTURE_AUTORELEASING = YES;
				CLANG_WARN_BOOL_CONVERSION = YES;
				CLANG_WARN_COMMA = YES;
				CLANG_WARN_CONSTANT_CONVERSION = YES;
				CLANG_WARN_DEPRECATED_OBJC_IMPLEMENTATIONS = YES;
				CLANG_WARN_DIRECT_OBJC_ISA_USAGE = YES_ERROR;
				CLANG_WARN_DOCUMENTATION_COMMENTS = YES;
				CLANG_WARN_EMPTY_BODY = YES;
				CLANG_WARN_ENUM_CONVERSION = YES;
				CLANG_WARN_INFINITE_RECURSION = YES;
				CLANG_WARN_INT_CONVERSION = YES;
				CLANG_WARN_NON_LITERAL_NULL_CONVERSION = YES;
				CLANG_WARN_OBJC_IMPLICIT_RETAIN_SELF = YES;
				CLANG_WARN_OBJC_LITERAL_CONVERSION = YES;
				CLANG_WARN_OBJC_ROOT_CLASS = YES_ERROR;
				CLANG_WARN_QUOTED_INCLUDE_IN_FRAMEWORK_HEADER = YES;
				CLANG_WARN_RANGE_LOOP_ANALYSIS = YES;
				CLANG_WARN_STRICT_PROTOTYPES = YES;
				CLANG_WARN_SUSPICIOUS_MOVE = YES;
				CLANG_WARN_UNGUARDED_AVAILABILITY = YES_AGGRESSIVE;
				CLANG_WARN_UNREACHABLE_CODE = YES;
				CLANG_WARN__DUPLICATE_METHOD_MATCH = YES;
				COPY_PHASE_STRIP = NO;
				DEBUG_INFORMATION_FORMAT = "dwarf-with-dsym";
				ENABLE_NS_ASSERTIONS = NO;
				ENABLE_STRICT_OBJC_MSGSEND = YES;
				ENABLE_USER_SCRIPT_SANDBOXING = YES;
				GCC_C_LANGUAGE_STANDARD = gnu17;
				GCC_NO_COMMON_BLOCKS = YES;
				GCC_WARN_64_TO_32_BIT_CONVERSION = YES;
				GCC_WARN_ABOUT_RETURN_TYPE = YES_ERROR;
				GCC_WARN_UNDECLARED_SELECTOR = YES;
				GCC_WARN_UNINITIALIZED_AUTOS = YES_AGGRESSIVE;
				GCC_WARN_UNUSED_FUNCTION = YES;
				GCC_WARN_UNUSED_VARIABLE = YES;
				IPHONEOS_DEPLOYMENT_TARGET = 18.2;
				LOCALIZATION_PREFERS_STRING_CATALOGS = YES;
				MTL_ENABLE_DEBUG_INFO = NO;
				MTL_FAST_MATH = YES;
				SDKROOT = iphoneos;
				SWIFT_COMPILATION_MODE = wholemodule;
				VALIDATE_PRODUCT = YES;
			};
			name = Release;
		};
		2FDAC5792DB56DE300587851 /* Debug */ = {
			isa = XCBuildConfiguration;
			buildSettings = {
				BUNDLE_LOADER = "$(TEST_HOST)";
				CODE_SIGN_STYLE = Automatic;
				CURRENT_PROJECT_VERSION = 1;
				GENERATE_INFOPLIST_FILE = YES;
				IPHONEOS_DEPLOYMENT_TARGET = 18.2;
				MARKETING_VERSION = 1.0;
				PRODUCT_BUNDLE_IDENTIFIER = "nimishmothghare.IBAnimitable-UIKITTests";
				PRODUCT_NAME = "$(TARGET_NAME)";
				SWIFT_EMIT_LOC_STRINGS = NO;
				SWIFT_VERSION = 5.0;
				TARGETED_DEVICE_FAMILY = "1,2";
				TEST_HOST = "$(BUILT_PRODUCTS_DIR)/IBAnimitable-UIKIT.app/$(BUNDLE_EXECUTABLE_FOLDER_PATH)/IBAnimitable-UIKIT";
			};
			name = Debug;
		};
		2FDAC57A2DB56DE300587851 /* Release */ = {
			isa = XCBuildConfiguration;
			buildSettings = {
				BUNDLE_LOADER = "$(TEST_HOST)";
				CODE_SIGN_STYLE = Automatic;
				CURRENT_PROJECT_VERSION = 1;
				GENERATE_INFOPLIST_FILE = YES;
				IPHONEOS_DEPLOYMENT_TARGET = 18.2;
				MARKETING_VERSION = 1.0;
				PRODUCT_BUNDLE_IDENTIFIER = "nimishmothghare.IBAnimitable-UIKITTests";
				PRODUCT_NAME = "$(TARGET_NAME)";
				SWIFT_EMIT_LOC_STRINGS = NO;
				SWIFT_VERSION = 5.0;
				TARGETED_DEVICE_FAMILY = "1,2";
				TEST_HOST = "$(BUILT_PRODUCTS_DIR)/IBAnimitable-UIKIT.app/$(BUNDLE_EXECUTABLE_FOLDER_PATH)/IBAnimitable-UIKIT";
			};
			name = Release;
		};
		2FDAC57C2DB56DE300587851 /* Debug */ = {
			isa = XCBuildConfiguration;
			buildSettings = {
				CODE_SIGN_STYLE = Automatic;
				CURRENT_PROJECT_VERSION = 1;
				GENERATE_INFOPLIST_FILE = YES;
				MARKETING_VERSION = 1.0;
				PRODUCT_BUNDLE_IDENTIFIER = "nimishmothghare.IBAnimitable-UIKITUITests";
				PRODUCT_NAME = "$(TARGET_NAME)";
				SWIFT_EMIT_LOC_STRINGS = NO;
				SWIFT_VERSION = 5.0;
				TARGETED_DEVICE_FAMILY = "1,2";
				TEST_TARGET_NAME = "IBAnimitable-UIKIT";
			};
			name = Debug;
		};
		2FDAC57D2DB56DE300587851 /* Release */ = {
			isa = XCBuildConfiguration;
			buildSettings = {
				CODE_SIGN_STYLE = Automatic;
				CURRENT_PROJECT_VERSION = 1;
				GENERATE_INFOPLIST_FILE = YES;
				MARKETING_VERSION = 1.0;
				PRODUCT_BUNDLE_IDENTIFIER = "nimishmothghare.IBAnimitable-UIKITUITests";
				PRODUCT_NAME = "$(TARGET_NAME)";
				SWIFT_EMIT_LOC_STRINGS = NO;
				SWIFT_VERSION = 5.0;
				TARGETED_DEVICE_FAMILY = "1,2";
				TEST_TARGET_NAME = "IBAnimitable-UIKIT";
			};
			name = Release;
		};
/* End XCBuildConfiguration section */

/* Begin XCConfigurationList section */
		2FDAC5452DB56DE000587851 /* Build configuration list for PBXProject "IBAnimitable-UIKIT" */ = {
			isa = XCConfigurationList;
			buildConfigurations = (
				2FDAC5762DB56DE300587851 /* Debug */,
				2FDAC5772DB56DE300587851 /* Release */,
			);
			defaultConfigurationIsVisible = 0;
			defaultConfigurationName = Release;
		};
		2FDAC5732DB56DE300587851 /* Build configuration list for PBXNativeTarget "IBAnimitable-UIKIT" */ = {
			isa = XCConfigurationList;
			buildConfigurations = (
				2FDAC5742DB56DE300587851 /* Debug */,
				2FDAC5752DB56DE300587851 /* Release */,
			);
			defaultConfigurationIsVisible = 0;
			defaultConfigurationName = Release;
		};
		2FDAC5782DB56DE300587851 /* Build configuration list for PBXNativeTarget "IBAnimitable-UIKITTests" */ = {
			isa = XCConfigurationList;
			buildConfigurations = (
				2FDAC5792DB56DE300587851 /* Debug */,
				2FDAC57A2DB56DE300587851 /* Release */,
			);
			defaultConfigurationIsVisible = 0;
			defaultConfigurationName = Release;
		};
		2FDAC57B2DB56DE300587851 /* Build configuration list for PBXNativeTarget "IBAnimitable-UIKITUITests" */ = {
			isa = XCConfigurationList;
			buildConfigurations = (
				2FDAC57C2DB56DE300587851 /* Debug */,
				2FDAC57D2DB56DE300587851 /* Release */,
			);
			defaultConfigurationIsVisible = 0;
			defaultConfigurationName = Release;
		};
/* End XCConfigurationList section */
	};
	rootObject = 2FDAC5422DB56DE000587851 /* Project object */;
}
